
Microsoft Visual Studio Solution File, Format Version 12.00
# Visual Studio Version 16
VisualStudioVersion = 16.0.31229.75
MinimumVisualStudioVersion = 10.0.40219.1
Project("{FAE04EC0-301F-11D3-BF4B-00C04F79EFBC}") = "API", "API\API.csproj", "{40D0E2DD-81C3-470B-9154-2581B7720E96}"
EndProject
Project("{FAE04EC0-301F-11D3-BF4B-00C04F79EFBC}") = "SharedObjects", "SharedObjects\SharedObjects.csproj", "{A3E143D4-BC37-4F51-8D39-31C9C9207405}"
EndProject
Project("{FAE04EC0-301F-11D3-BF4B-00C04F79EFBC}") = "Services", "Services\Services.csproj", "{6F0A8556-1C08-416A-908E-3F924A415BD7}"
EndProject
Project("{FAE04EC0-301F-11D3-BF4B-00C04F79EFBC}") = "eDownTime", "eDownTime\eDownTime.csproj", "{3111069B-8EEE-4083-8DB1-AD23B642DCAC}"
EndProject
Global
	GlobalSection(SolutionConfigurationPlatforms) = preSolution
		Debug|Any CPU = Debug|Any CPU
		Release|Any CPU = Release|Any CPU
	EndGlobalSection
	GlobalSection(ProjectConfigurationPlatforms) = postSolution
		{40D0E2DD-81C3-470B-9154-2581B7720E96}.Debug|Any CPU.ActiveCfg = Debug|Any CPU
		{40D0E2DD-81C3-470B-9154-2581B7720E96}.Debug|Any CPU.Build.0 = Debug|Any CPU
		{40D0E2DD-81C3-470B-9154-2581B7720E96}.Release|Any CPU.ActiveCfg = Release|Any CPU
		{40D0E2DD-81C3-470B-9154-2581B7720E96}.Release|Any CPU.Build.0 = Release|Any CPU
		{A3E143D4-BC37-4F51-8D39-31C9C9207405}.Debug|Any CPU.ActiveCfg = Debug|Any CPU
		{A3E143D4-BC37-4F51-8D39-31C9C9207405}.Debug|Any CPU.Build.0 = Debug|Any CPU
		{A3E143D4-BC37-4F51-8D39-31C9C9207405}.Release|Any CPU.ActiveCfg = Release|Any CPU
		{A3E143D4-BC37-4F51-8D39-31C9C9207405}.Release|Any CPU.Build.0 = Release|Any CPU
		{6F0A8556-1C08-416A-908E-3F924A415BD7}.Debug|Any CPU.ActiveCfg = Debug|Any CPU
		{6F0A8556-1C08-416A-908E-3F924A415BD7}.Debug|Any CPU.Build.0 = Debug|Any CPU
		{6F0A8556-1C08-416A-908E-3F924A415BD7}.Release|Any CPU.ActiveCfg = Release|Any CPU
		{6F0A8556-1C08-416A-908E-3F924A415BD7}.Release|Any CPU.Build.0 = Release|Any CPU
		{3111069B-8EEE-4083-8DB1-AD23B642DCAC}.Debug|Any CPU.ActiveCfg = Debug|Any CPU
		{3111069B-8EEE-4083-8DB1-AD23B642DCAC}.Debug|Any CPU.Build.0 = Debug|Any CPU
		{3111069B-8EEE-4083-8DB1-AD23B642DCAC}.Release|Any CPU.ActiveCfg = Release|Any CPU
		{3111069B-8EEE-4083-8DB1-AD23B642DCAC}.Release|Any CPU.Build.0 = Release|Any CPU
	EndGlobalSection
	GlobalSection(SolutionProperties) = preSolution
		HideSolutionNode = FALSE
	EndGlobalSection
	GlobalSection(ExtensibilityGlobals) = postSolution
		SolutionGuid = {68982FE5-ABC1-46F6-B6FC-0B3707D735F1}
	EndGlobalSection
EndGlobal
